// !$*UTF8*$!
{
	archiveVersion = 1;
	classes = {
	};
	objectVersion = 56;
	objects = {

/* Begin PBXBuildFile section */
		33092B0E28F7B6D800D6926A /* AppDelegate.swift in Sources */ = {isa = PBXBuildFile; fileRef = 33092B0D28F7B6D800D6926A /* AppDelegate.swift */; };
		33092B1028F7B6D800D6926A /* SceneDelegate.swift in Sources */ = {isa = PBXBuildFile; fileRef = 33092B0F28F7B6D800D6926A /* SceneDelegate.swift */; };
		33092B1228F7B6D800D6926A /* ViewController.swift in Sources */ = {isa = PBXBuildFile; fileRef = 33092B1128F7B6D800D6926A /* ViewController.swift */; };
		33092B1528F7B6D800D6926A /* Main.storyboard in Resources */ = {isa = PBXBuildFile; fileRef = 33092B1328F7B6D800D6926A /* Main.storyboard */; };
		33092B1728F7B6D900D6926A /* Assets.xcassets in Resources */ = {isa = PBXBuildFile; fileRef = 33092B1628F7B6D900D6926A /* Assets.xcassets */; };
		33092B1A28F7B6D900D6926A /* LaunchScreen.storyboard in Resources */ = {isa = PBXBuildFile; fileRef = 33092B1828F7B6D900D6926A /* LaunchScreen.storyboard */; };
		33092B2528F7B71E00D6926A /* APIBrain.swift in Sources */ = {isa = PBXBuildFile; fileRef = 33092B2428F7B71E00D6926A /* APIBrain.swift */; };
		3349CE5328F7BE7D00168905 /* dataHandler.swift in Sources */ = {isa = PBXBuildFile; fileRef = 3349CE5228F7BE7D00168905 /* dataHandler.swift */; };
		33FD484C28F9FBD400336310 /* NewsUIController.swift in Sources */ = {isa = PBXBuildFile; fileRef = 33FD484B28F9FBD400336310 /* NewsUIController.swift */; };
/* End PBXBuildFile section */

/* Begin PBXFileReference section */
		33092B0A28F7B6D700D6926A /* NewsAPI.app */ = {isa = PBXFileReference; explicitFileType = wrapper.application; includeInIndex = 0; path = NewsAPI.app; sourceTree = BUILT_PRODUCTS_DIR; };
		33092B0D28F7B6D800D6926A /* AppDelegate.swift */ = {isa = PBXFileReference; lastKnownFileType = sourcecode.swift; path = AppDelegate.swift; sourceTree = "<group>"; };
		33092B0F28F7B6D800D6926A /* SceneDelegate.swift */ = {isa = PBXFileReference; lastKnownFileType = sourcecode.swift; path = SceneDelegate.swift; sourceTree = "<group>"; };
		33092B1128F7B6D800D6926A /* ViewController.swift */ = {isa = PBXFileReference; lastKnownFileType = sourcecode.swift; path = ViewController.swift; sourceTree = "<group>"; };
		33092B1428F7B6D800D6926A /* Base */ = {isa = PBXFileReference; lastKnownFileType = file.storyboard; name = Base; path = Base.lproj/Main.storyboard; sourceTree = "<group>"; };
		33092B1628F7B6D900D6926A /* Assets.xcassets */ = {isa = PBXFileReference; lastKnownFileType = folder.assetcatalog; path = Assets.xcassets; sourceTree = "<group>"; };
		33092B1928F7B6D900D6926A /* Base */ = {isa = PBXFileReference; lastKnownFileType = file.storyboard; name = Base; path = Base.lproj/LaunchScreen.storyboard; sourceTree = "<group>"; };
		33092B1B28F7B6D900D6926A /* Info.plist */ = {isa = PBXFileReference; lastKnownFileType = text.plist.xml; path = Info.plist; sourceTree = "<group>"; };
		33092B2428F7B71E00D6926A /* APIBrain.swift */ = {isa = PBXFileReference; lastKnownFileType = sourcecode.swift; path = APIBrain.swift; sourceTree = "<group>"; };
		3349CE5228F7BE7D00168905 /* dataHandler.swift */ = {isa = PBXFileReference; lastKnownFileType = sourcecode.swift; path = dataHandler.swift; sourceTree = "<group>"; };
		33FD484B28F9FBD400336310 /* NewsUIController.swift */ = {isa = PBXFileReference; lastKnownFileType = sourcecode.swift; path = NewsUIController.swift; sourceTree = "<group>"; };
/* End PBXFileReference section */

/* Begin PBXFrameworksBuildPhase section */
		33092B0728F7B6D700D6926A /* Frameworks */ = {
			isa = PBXFrameworksBuildPhase;
			buildActionMask = 2147483647;
			files = (
			);
			runOnlyForDeploymentPostprocessing = 0;
		};
/* End PBXFrameworksBuildPhase section */

/* Begin PBXGroup section */
		33092B0128F7B6D700D6926A = {
			isa = PBXGroup;
			children = (
				33092B0C28F7B6D700D6926A /* NewsAPI */,
				33092B0B28F7B6D700D6926A /* Products */,
			);
			sourceTree = "<group>";
		};
		33092B0B28F7B6D700D6926A /* Products */ = {
			isa = PBXGroup;
			children = (
				33092B0A28F7B6D700D6926A /* NewsAPI.app */,
			);
			name = Products;
			sourceTree = "<group>";
		};
		33092B0C28F7B6D700D6926A /* NewsAPI */ = {
			isa = PBXGroup;
			children = (
				33092B0D28F7B6D800D6926A /* AppDelegate.swift */,
				33092B0F28F7B6D800D6926A /* SceneDelegate.swift */,
				33092B2328F7B70600D6926A /* Model */,
				33092B2228F7B6FE00D6926A /* Controller */,
				33092B2128F7B6EE00D6926A /* View */,
				33092B1628F7B6D900D6926A /* Assets.xcassets */,
				33092B1828F7B6D900D6926A /* LaunchScreen.storyboard */,
				33092B1B28F7B6D900D6926A /* Info.plist */,
			);
			path = NewsAPI;
			sourceTree = "<group>";
		};
		33092B2128F7B6EE00D6926A /* View */ = {
			isa = PBXGroup;
			children = (
				33092B1328F7B6D800D6926A /* Main.storyboard */,
			);
			path = View;
			sourceTree = "<group>";
		};
		33092B2228F7B6FE00D6926A /* Controller */ = {
			isa = PBXGroup;
			children = (
				33092B1128F7B6D800D6926A /* ViewController.swift */,
				33FD484B28F9FBD400336310 /* NewsUIController.swift */,
			);
			path = Controller;
			sourceTree = "<group>";
		};
		33092B2328F7B70600D6926A /* Model */ = {
			isa = PBXGroup;
			children = (
				33092B2428F7B71E00D6926A /* APIBrain.swift */,
				3349CE5228F7BE7D00168905 /* dataHandler.swift */,
			);
			path = Model;
			sourceTree = "<group>";
		};
/* End PBXGroup section */

/* Begin PBXNativeTarget section */
		33092B0928F7B6D700D6926A /* NewsAPI */ = {
			isa = PBXNativeTarget;
			buildConfigurationList = 33092B1E28F7B6D900D6926A /* Build configuration list for PBXNativeTarget "NewsAPI" */;
			buildPhases = (
				33092B0628F7B6D700D6926A /* Sources */,
				33092B0728F7B6D700D6926A /* Frameworks */,
				33092B0828F7B6D700D6926A /* Resources */,
			);
			buildRules = (
			);
			dependencies = (
			);
			name = NewsAPI;
			productName = NewsAPI;
			productReference = 33092B0A28F7B6D700D6926A /* NewsAPI.app */;
			productType = "com.apple.product-type.application";
		};
/* End PBXNativeTarget section */

/* Begin PBXProject section */
		33092B0228F7B6D700D6926A /* Project object */ = {
			isa = PBXProject;
			attributes = {
				BuildIndependentTargetsInParallel = 1;
				LastSwiftUpdateCheck = 1400;
				LastUpgradeCheck = 1400;
				TargetAttributes = {
					33092B0928F7B6D700D6926A = {
						CreatedOnToolsVersion = 14.0;
					};
				};
			};
			buildConfigurationList = 33092B0528F7B6D700D6926A /* Build configuration list for PBXProject "NewsAPI" */;
			compatibilityVersion = "Xcode 14.0";
			developmentRegion = en;
			hasScannedForEncodings = 0;
			knownRegions = (
				en,
				Base,
			);
			mainGroup = 33092B0128F7B6D700D6926A;
			productRefGroup = 33092B0B28F7B6D700D6926A /* Products */;
			projectDirPath = "";
			projectRoot = "";
			targets = (
				33092B0928F7B6D700D6926A /* NewsAPI */,
			);
		};
/* End PBXProject section */

/* Begin PBXResourcesBuildPhase section */
		33092B0828F7B6D700D6926A /* Resources */ = {
			isa = PBXResourcesBuildPhase;
			buildActionMask = 2147483647;
			files = (
				33092B1A28F7B6D900D6926A /* LaunchScreen.storyboard in Resources */,
				33092B1728F7B6D900D6926A /* Assets.xcassets in Resources */,
				33092B1528F7B6D800D6926A /* Main.storyboard in Resources */,
			);
			runOnlyForDeploymentPostprocessing = 0;
		};
/* End PBXResourcesBuildPhase section */

/* Begin PBXSourcesBuildPhase section */
		33092B0628F7B6D700D6926A /* Sources */ = {
			isa = PBXSourcesBuildPhase;
			buildActionMask = 2147483647;
			files = (
				33FD484C28F9FBD400336310 /* NewsUIController.swift in Sources */,
				33092B1228F7B6D800D6926A /* ViewController.swift in Sources */,
				33092B0E28F7B6D800D6926A /* AppDelegate.swift in Sources */,
				33092B1028F7B6D800D6926A /* SceneDelegate.swift in Sources */,
				33092B2528F7B71E00D6926A /* APIBrain.swift in Sources */,
				3349CE5328F7BE7D00168905 /* dataHandler.swift in Sources */,
			);
			runOnlyForDeploymentPostprocessing = 0;
		};
/* End PBXSourcesBuildPhase section */

/* Begin PBXVariantGroup section */
		33092B1328F7B6D800D6926A /* Main.storyboard */ = {
			isa = PBXVariantGroup;
			children = (
				33092B1428F7B6D800D6926A /* Base */,
			);
			name = Main.storyboard;
			sourceTree = "<group>";
		};
		33092B1828F7B6D900D6926A /* LaunchScreen.storyboard */ = {
			isa = PBXVariantGroup;
			children = (
				33092B1928F7B6D900D6926A /* Base */,
			);
			name = LaunchScreen.storyboard;
			sourceTree = "<group>";
		};
/* End PBXVariantGroup section */

/* Begin XCBuildConfiguration section */
		33092B1C28F7B6D900D6926A /* Debug */ = {
			isa = XCBuildConfiguration;
			buildSettings = {
				ALWAYS_SEARCH_USER_PATHS = NO;
				CLANG_ANALYZER_NONNULL = YES;
				CLANG_ANALYZER_NUMBER_OBJECT_CONVERSION = YES_AGGRESSIVE;
				CLANG_CXX_LANGUAGE_STANDARD = "gnu++20";
				CLANG_ENABLE_MODULES = YES;
				CLANG_ENABLE_OBJC_ARC = YES;
				CLANG_ENABLE_OBJC_WEAK = YES;
				CLANG_WARN_BLOCK_CAPTURE_AUTORELEASING = YES;
				CLANG_WARN_BOOL_CONVERSION = YES;
				CLANG_WARN_COMMA = YES;
				CLANG_WARN_CONSTANT_CONVERSION = YES;
				CLANG_WARN_DEPRECATED_OBJC_IMPLEMENTATIONS = YES;
				CLANG_WARN_DIRECT_OBJC_ISA_USAGE = YES_ERROR;
				CLANG_WARN_DOCUMENTATION_COMMENTS = YES;
				CLANG_WARN_EMPTY_BODY = YES;
				CLANG_WARN_ENUM_CONVERSION = YES;
				CLANG_WARN_INFINITE_RECURSION = YES;
				CLANG_WARN_INT_CONVERSION = YES;
				CLANG_WARN_NON_LITERAL_NULL_CONVERSION = YES;
				CLANG_WARN_OBJC_IMPLICIT_RETAIN_SELF = YES;
				CLANG_WARN_OBJC_LITERAL_CONVERSION = YES;
				CLANG_WARN_OBJC_ROOT_CLASS = YES_ERROR;
				CLANG_WARN_QUOTED_INCLUDE_IN_FRAMEWORK_HEADER = YES;
				CLANG_WARN_RANGE_LOOP_ANALYSIS = YES;
				CLANG_WARN_STRICT_PROTOTYPES = YES;
				CLANG_WARN_SUSPICIOUS_MOVE = YES;
				CLANG_WARN_UNGUARDED_AVAILABILITY = YES_AGGRESSIVE;
				CLANG_WARN_UNREACHABLE_CODE = YES;
				CLANG_WARN__DUPLICATE_METHOD_MATCH = YES;
				COPY_PHASE_STRIP = NO;
				DEBUG_INFORMATION_FORMAT = dwarf;
				ENABLE_STRICT_OBJC_MSGSEND = YES;
				ENABLE_TESTABILITY = YES;
				GCC_C_LANGUAGE_STANDARD = gnu11;
				GCC_DYNAMIC_NO_PIC = NO;
				GCC_NO_COMMON_BLOCKS = YES;
				GCC_OPTIMIZATION_LEVEL = 0;
				GCC_PREPROCESSOR_DEFINITIONS = (
					"DEBUG=1",
					"$(inherited)",
				);
				GCC_WARN_64_TO_32_BIT_CONVERSION = YES;
				GCC_WARN_ABOUT_RETURN_TYPE = YES_ERROR;
				GCC_WARN_UNDECLARED_SELECTOR = YES;
				GCC_WARN_UNINITIALIZED_AUTOS = YES_AGGRESSIVE;
				GCC_WARN_UNUSED_FUNCTION = YES;
				GCC_WARN_UNUSED_VARIABLE = YES;
				IPHONEOS_DEPLOYMENT_TARGET = 16.0;
				MTL_ENABLE_DEBUG_INFO = INCLUDE_SOURCE;
				MTL_FAST_MATH = YES;
				ONLY_ACTIVE_ARCH = YES;
				SDKROOT = iphoneos;
				SWIFT_ACTIVE_COMPILATION_CONDITIONS = DEBUG;
				SWIFT_OPTIMIZATION_LEVEL = "-Onone";
			};
			name = Debug;
		};
		33092B1D28F7B6D900D6926A /* Release */ = {
			isa = XCBuildConfiguration;
			buildSettings = {
				ALWAYS_SEARCH_USER_PATHS = NO;
				CLANG_ANALYZER_NONNULL = YES;
				CLANG_ANALYZER_NUMBER_OBJECT_CONVERSION = YES_AGGRESSIVE;
				CLANG_CXX_LANGUAGE_STANDARD = "gnu++20";
				CLANG_ENABLE_MODULES = YES;
				CLANG_ENABLE_OBJC_ARC = YES;
				CLANG_ENABLE_OBJC_WEAK = YES;
				CLANG_WARN_BLOCK_CAPTURE_AUTORELEASING = YES;
				CLANG_WARN_BOOL_CONVERSION = YES;
				CLANG_WARN_COMMA = YES;
				CLANG_WARN_CONSTANT_CONVERSION = YES;
				CLANG_WARN_DEPRECATED_OBJC_IMPLEMENTATIONS = YES;
				CLANG_WARN_DIRECT_OBJC_ISA_USAGE = YES_ERROR;
				CLANG_WARN_DOCUMENTATION_COMMENTS = YES;
				CLANG_WARN_EMPTY_BODY = YES;
				CLANG_WARN_ENUM_CONVERSION = YES;
				CLANG_WARN_INFINITE_RECURSION = YES;
				CLANG_WARN_INT_CONVERSION = YES;
				CLANG_WARN_NON_LITERAL_NULL_CONVERSION = YES;
				CLANG_WARN_OBJC_IMPLICIT_RETAIN_SELF = YES;
				CLANG_WARN_OBJC_LITERAL_CONVERSION = YES;
				CLANG_WARN_OBJC_ROOT_CLASS = YES_ERROR;
				CLANG_WARN_QUOTED_INCLUDE_IN_FRAMEWORK_HEADER = YES;
				CLANG_WARN_RANGE_LOOP_ANALYSIS = YES;
				CLANG_WARN_STRICT_PROTOTYPES = YES;
				CLANG_WARN_SUSPICIOUS_MOVE = YES;
				CLANG_WARN_UNGUARDED_AVAILABILITY = YES_AGGRESSIVE;
				CLANG_WARN_UNREACHABLE_CODE = YES;
				CLANG_WARN__DUPLICATE_METHOD_MATCH = YES;
				COPY_PHASE_STRIP = NO;
				DEBUG_INFORMATION_FORMAT = "dwarf-with-dsym";
				ENABLE_NS_ASSERTIONS = NO;
				ENABLE_STRICT_OBJC_MSGSEND = YES;
				GCC_C_LANGUAGE_STANDARD = gnu11;
				GCC_NO_COMMON_BLOCKS = YES;
				GCC_WARN_64_TO_32_BIT_CONVERSION = YES;
				GCC_WARN_ABOUT_RETURN_TYPE = YES_ERROR;
				GCC_WARN_UNDECLARED_SELECTOR = YES;
				GCC_WARN_UNINITIALIZED_AUTOS = YES_AGGRESSIVE;
				GCC_WARN_UNUSED_FUNCTION = YES;
				GCC_WARN_UNUSED_VARIABLE = YES;
				IPHONEOS_DEPLOYMENT_TARGET = 16.0;
				MTL_ENABLE_DEBUG_INFO = NO;
				MTL_FAST_MATH = YES;
				SDKROOT = iphoneos;
				SWIFT_COMPILATION_MODE = wholemodule;
				SWIFT_OPTIMIZATION_LEVEL = "-O";
				VALIDATE_PRODUCT = YES;
			};
			name = Release;
		};
		33092B1F28F7B6D900D6926A /* Debug */ = {
			isa = XCBuildConfiguration;
			buildSettings = {
				ASSETCATALOG_COMPILER_APPICON_NAME = AppIcon;
				ASSETCATALOG_COMPILER_GLOBAL_ACCENT_COLOR_NAME = AccentColor;
				CODE_SIGN_STYLE = Automatic;
				CURRENT_PROJECT_VERSION = 1;
				DEVELOPMENT_TEAM = Q532E82J99;
				GENERATE_INFOPLIST_FILE = YES;
				INFOPLIST_FILE = NewsAPI/Info.plist;
				INFOPLIST_KEY_UIApplicationSupportsIndirectInputEvents = YES;
				INFOPLIST_KEY_UILaunchStoryboardName = LaunchScreen;
				INFOPLIST_KEY_UIMainStoryboardFile = Main;
				INFOPLIST_KEY_UISupportedInterfaceOrientations_iPad = "UIInterfaceOrientationPortrait UIInterfaceOrientationPortraitUpsideDown UIInterfaceOrientationLandscapeLeft UIInterfaceOrientationLandscapeRight";
				INFOPLIST_KEY_UISupportedInterfaceOrientations_iPhone = "UIInterfaceOrientationPortrait UIInterfaceOrientationLandscapeLeft UIInterfaceOrientationLandscapeRight";
				IPHONEOS_DEPLOYMENT_TARGET = 14.0;
				LD_RUNPATH_SEARCH_PATHS = (
					"$(inherited)",
					"@executable_path/Frameworks",
				);
				MARKETING_VERSION = 1.0;
				PRODUCT_BUNDLE_IDENTIFIER = com.srichanakyayennana.NewsAPI;
				PRODUCT_NAME = "$(TARGET_NAME)";
				SUPPORTED_PLATFORMS = "iphoneos iphonesimulator";
				SUPPORTS_MACCATALYST = NO;
				SUPPORTS_MAC_DESIGNED_FOR_IPHONE_IPAD = NO;
				SWIFT_EMIT_LOC_STRINGS = YES;
				SWIFT_VERSION = 5.0;
				TARGETED_DEVICE_FAMILY = "1,2";
			};
			name = Debug;
		};
		33092B2028F7B6D900D6926A /* Release */ = {
			isa = XCBuildConfiguration;
			buildSettings = {
				ASSETCATALOG_COMPILER_APPICON_NAME = AppIcon;
				ASSETCATALOG_COMPILER_GLOBAL_ACCENT_COLOR_NAME = AccentColor;
				CODE_SIGN_STYLE = Automatic;
				CURRENT_PROJECT_VERSION = 1;
				DEVELOPMENT_TEAM = Q532E82J99;
				GENERATE_INFOPLIST_FILE = YES;
				INFOPLIST_FILE = NewsAPI/Info.plist;
				INFOPLIST_KEY_UIApplicationSupportsIndirectInputEvents = YES;
				INFOPLIST_KEY_UILaunchStoryboardName = LaunchScreen;
				INFOPLIST_KEY_UIMainStoryboardFile = Main;
				INFOPLIST_KEY_UISupportedInterfaceOrientations_iPad = "UIInterfaceOrientationPortrait UIInterfaceOrientationPortraitUpsideDown UIInterfaceOrientationLandscapeLeft UIInterfaceOrientationLandscapeRight";
				INFOPLIST_KEY_UISupportedInterfaceOrientations_iPhone = "UIInterfaceOrientationPortrait UIInterfaceOrientationLandscapeLeft UIInterfaceOrientationLandscapeRight";
				IPHONEOS_DEPLOYMENT_TARGET = 14.0;
				LD_RUNPATH_SEARCH_PATHS = (
					"$(inherited)",
					"@executable_path/Frameworks",
				);
				MARKETING_VERSION = 1.0;
				PRODUCT_BUNDLE_IDENTIFIER = com.srichanakyayennana.NewsAPI;
				PRODUCT_NAME = "$(TARGET_NAME)";
				SUPPORTED_PLATFORMS = "iphoneos iphonesimulator";
				SUPPORTS_MACCATALYST = NO;
				SUPPORTS_MAC_DESIGNED_FOR_IPHONE_IPAD = NO;
				SWIFT_EMIT_LOC_STRINGS = YES;
				SWIFT_VERSION = 5.0;
				TARGETED_DEVICE_FAMILY = "1,2";
			};
			name = Release;
		};
/* End XCBuildConfiguration section */

/* Begin XCConfigurationList section */
		33092B0528F7B6D700D6926A /* Build configuration list for PBXProject "NewsAPI" */ = {
			isa = XCConfigurationList;
			buildConfigurations = (
				33092B1C28F7B6D900D6926A /* Debug */,
				33092B1D28F7B6D900D6926A /* Release */,
			);
			defaultConfigurationIsVisible = 0;
			defaultConfigurationName = Release;
		};
		33092B1E28F7B6D900D6926A /* Build configuration list for PBXNativeTarget "NewsAPI" */ = {
			isa = XCConfigurationList;
			buildConfigurations = (
				33092B1F28F7B6D900D6926A /* Debug */,
				33092B2028F7B6D900D6926A /* Release */,
			);
			defaultConfigurationIsVisible = 0;
			defaultConfigurationName = Release;
		};
/* End XCConfigurationList section */
	};
	rootObject = 33092B0228F7B6D700D6926A /* Project object */;
}
